github.com/golang/glog v0.0.0-20160126235308-23def4e6c14b/go.mod h1:SBH7ygxi8pfUlaOkMMuAQtPIUF8ecWP5IEl/CR7VP2Q=
github.com/reef-pi/embd v0.0.0-20200823212911-23a8c07341dd/go.mod h1:vLR1mLVXpivVlbXyVJ4CdsUpOoyDWas+xjikOIzVV0g=
github.com/reef-pi/hal v0.0.0-20210801213209-e1fdd03d558f/go.mod h1:ymcJ0AbYfWXT1vyAbXOjKtWaFdCv1HHYmXDMWxJSWSM=
github.com/reef-pi/rpi v0.0.0-20220116071804-9ab406e54060 h1:CHoMp1LHrhQpc1j5yVw4UmnDEXbZ2CcWzKMrK8JT+OE=
github.com/reef-pi/rpi v0.0.0-20220116071804-9ab406e54060/go.mod h1:5Zu8vYYKAJshaEh2WdVxsNXp1O6U6kTSvAMMAYmGjJQ=
github.com/stianeikeland/go-rpio/v4 v4.6.0 h1:eAJgtw3jTtvn/CqwbC82ntcS+dtzUTgo5qlZKe677EY=
github.com/stianeikeland/go-rpio/v4 v4.6.0/go.mod h1:A3GvHxC1Om5zaId+HqB3HKqx4K/AqeckxB7qRjxMK7o=
